// !$*UTF8*$!
{
	archiveVersion = 1;
	classes = {
	};
	objectVersion = 48;
	objects = {

/* Begin PBXBuildFile section */
		48C30FEB1FAF3B5C0080160E /* AppDelegate.swift in Sources */ = {isa = PBXBuildFile; fileRef = 48C30FEA1FAF3B5C0080160E /* AppDelegate.swift */; };
		48C30FED1FAF3B5C0080160E /* ViewController.swift in Sources */ = {isa = PBXBuildFile; fileRef = 48C30FEC1FAF3B5C0080160E /* ViewController.swift */; };
		48C30FF01FAF3B5C0080160E /* Main.storyboard in Resources */ = {isa = PBXBuildFile; fileRef = 48C30FEE1FAF3B5C0080160E /* Main.storyboard */; };
		48C30FF21FAF3B5C0080160E /* Assets.xcassets in Resources */ = {isa = PBXBuildFile; fileRef = 48C30FF11FAF3B5C0080160E /* Assets.xcassets */; };
		48C30FF51FAF3B5C0080160E /* LaunchScreen.storyboard in Resources */ = {isa = PBXBuildFile; fileRef = 48C30FF31FAF3B5C0080160E /* LaunchScreen.storyboard */; };
/* End PBXBuildFile section */

/* Begin PBXFileReference section */
		48C30FE71FAF3B5B0080160E /* 02-guess-the-flag.app */ = {isa = PBXFileReference; explicitFileType = wrapper.application; includeInIndex = 0; path = "02-guess-the-flag.app"; sourceTree = BUILT_PRODUCTS_DIR; };
		48C30FEA1FAF3B5C0080160E /* AppDelegate.swift */ = {isa = PBXFileReference; lastKnownFileType = sourcecode.swift; path = AppDelegate.swift; sourceTree = "<group>"; };
		48C30FEC1FAF3B5C0080160E /* ViewController.swift */ = {isa = PBXFileReference; lastKnownFileType = sourcecode.swift; path = ViewController.swift; sourceTree = "<group>"; };
		48C30FEF1FAF3B5C0080160E /* Base */ = {isa = PBXFileReference; lastKnownFileType = file.storyboard; name = Base; path = Base.lproj/Main.storyboard; sourceTree = "<group>"; };
		48C30FF11FAF3B5C0080160E /* Assets.xcassets */ = {isa = PBXFileReference; lastKnownFileType = folder.assetcatalog; path = Assets.xcassets; sourceTree = "<group>"; };
		48C30FF41FAF3B5C0080160E /* Base */ = {isa = PBXFileReference; lastKnownFileType = file.storyboard; name = Base; path = Base.lproj/LaunchScreen.storyboard; sourceTree = "<group>"; };
		48C30FF61FAF3B5C0080160E /* Info.plist */ = {isa = PBXFileReference; lastKnownFileType = text.plist.xml; path = Info.plist; sourceTree = "<group>"; };
/* End PBXFileReference section */

/* Begin PBXFrameworksBuildPhase section */
		48C30FE41FAF3B5B0080160E /* Frameworks */ = {
			isa = PBXFrameworksBuildPhase;
			buildActionMask = 2147483647;
			files = (
			);
			runOnlyForDeploymentPostprocessing = 0;
		};
/* End PBXFrameworksBuildPhase section */

/* Begin PBXGroup section */
		48C30FDE1FAF3B5B0080160E = {
			isa = PBXGroup;
			children = (
				48C30FE91FAF3B5B0080160E /* 02-guess-the-flag */,
				48C30FE81FAF3B5B0080160E /* Products */,
			);
			sourceTree = "<group>";
		};
		48C30FE81FAF3B5B0080160E /* Products */ = {
			isa = PBXGroup;
			children = (
				48C30FE71FAF3B5B0080160E /* 02-guess-the-flag.app */,
			);
			name = Products;
			sourceTree = "<group>";
		};
		48C30FE91FAF3B5B0080160E /* 02-guess-the-flag */ = {
			isa = PBXGroup;
			children = (
				48C30FEA1FAF3B5C0080160E /* AppDelegate.swift */,
				48C30FEC1FAF3B5C0080160E /* ViewController.swift */,
				48C30FEE1FAF3B5C0080160E /* Main.storyboard */,
				48C30FF11FAF3B5C0080160E /* Assets.xcassets */,
				48C30FF31FAF3B5C0080160E /* LaunchScreen.storyboard */,
				48C30FF61FAF3B5C0080160E /* Info.plist */,
			);
			path = "02-guess-the-flag";
			sourceTree = "<group>";
		};
/* End PBXGroup section */

/* Begin PBXNativeTarget section */
		48C30FE61FAF3B5B0080160E /* 02-guess-the-flag */ = {
			isa = PBXNativeTarget;
			buildConfigurationList = 48C30FF91FAF3B5C0080160E /* Build configuration list for PBXNativeTarget "02-guess-the-flag" */;
			buildPhases = (
				48C30FE31FAF3B5B0080160E /* Sources */,
				48C30FE41FAF3B5B0080160E /* Frameworks */,
				48C30FE51FAF3B5B0080160E /* Resources */,
			);
			buildRules = (
			);
			dependencies = (
			);
			name = "02-guess-the-flag";
			productName = "02-guess-the-flag";
			productReference = 48C30FE71FAF3B5B0080160E /* 02-guess-the-flag.app */;
			productType = "com.apple.product-type.application";
		};
/* End PBXNativeTarget section */

/* Begin PBXProject section */
		48C30FDF1FAF3B5B0080160E /* Project object */ = {
			isa = PBXProject;
			attributes = {
				LastSwiftUpdateCheck = 0910;
				LastUpgradeCheck = 0910;
				ORGANIZATIONNAME = "Richard Hart";
				TargetAttributes = {
					48C30FE61FAF3B5B0080160E = {
						CreatedOnToolsVersion = 9.1;
						ProvisioningStyle = Automatic;
					};
				};
			};
			buildConfigurationList = 48C30FE21FAF3B5B0080160E /* Build configuration list for PBXProject "02-guess-the-flag" */;
			compatibilityVersion = "Xcode 8.0";
			developmentRegion = en;
			hasScannedForEncodings = 0;
			knownRegions = (
				en,
				Base,
			);
			mainGroup = 48C30FDE1FAF3B5B0080160E;
			productRefGroup = 48C30FE81FAF3B5B0080160E /* Products */;
			projectDirPath = "";
			projectRoot = "";
			targets = (
				48C30FE61FAF3B5B0080160E /* 02-guess-the-flag */,
			);
		};
/* End PBXProject section */

/* Begin PBXResourcesBuildPhase section */
		48C30FE51FAF3B5B0080160E /* Resources */ = {
			isa = PBXResourcesBuildPhase;
			buildActionMask = 2147483647;
			files = (
				48C30FF51FAF3B5C0080160E /* LaunchScreen.storyboard in Resources */,
				48C30FF21FAF3B5C0080160E /* Assets.xcassets in Resources */,
				48C30FF01FAF3B5C0080160E /* Main.storyboard in Resources */,
			);
			runOnlyForDeploymentPostprocessing = 0;
		};
/* End PBXResourcesBuildPhase section */

/* Begin PBXSourcesBuildPhase section */
		48C30FE31FAF3B5B0080160E /* Sources */ = {
			isa = PBXSourcesBuildPhase;
			buildActionMask = 2147483647;
			files = (
				48C30FED1FAF3B5C0080160E /* ViewController.swift in Sources */,
				48C30FEB1FAF3B5C0080160E /* AppDelegate.swift in Sources */,
			);
			runOnlyForDeploymentPostprocessing = 0;
		};
/* End PBXSourcesBuildPhase section */

/* Begin PBXVariantGroup section */
		48C30FEE1FAF3B5C0080160E /* Main.storyboard */ = {
			isa = PBXVariantGroup;
			children = (
				48C30FEF1FAF3B5C0080160E /* Base */,
			);
			name = Main.storyboard;
			sourceTree = "<group>";
		};
		48C30FF31FAF3B5C0080160E /* LaunchScreen.storyboard */ = {
			isa = PBXVariantGroup;
			children = (
				48C30FF41FAF3B5C0080160E /* Base */,
			);
			name = LaunchScreen.storyboard;
			sourceTree = "<group>";
		};
/* End PBXVariantGroup section */

/* Begin XCBuildConfiguration section */
		48C30FF71FAF3B5C0080160E /* Debug */ = {
			isa = XCBuildConfiguration;
			buildSettings = {
				ALWAYS_SEARCH_USER_PATHS = NO;
				CLANG_ANALYZER_NONNULL = YES;
				CLANG_ANALYZER_NUMBER_OBJECT_CONVERSION = YES_AGGRESSIVE;
				CLANG_CXX_LANGUAGE_STANDARD = "gnu++14";
				CLANG_CXX_LIBRARY = "libc++";
				CLANG_ENABLE_MODULES = YES;
				CLANG_ENABLE_OBJC_ARC = YES;
				CLANG_WARN_BLOCK_CAPTURE_AUTORELEASING = YES;
				CLANG_WARN_BOOL_CONVERSION = YES;
				CLANG_WARN_COMMA = YES;
				CLANG_WARN_CONSTANT_CONVERSION = YES;
				CLANG_WARN_DIRECT_OBJC_ISA_USAGE = YES_ERROR;
				CLANG_WARN_DOCUMENTATION_COMMENTS = YES;
				CLANG_WARN_EMPTY_BODY = YES;
				CLANG_WARN_ENUM_CONVERSION = YES;
				CLANG_WARN_INFINITE_RECURSION = YES;
				CLANG_WARN_INT_CONVERSION = YES;
				CLANG_WARN_NON_LITERAL_NULL_CONVERSION = YES;
				CLANG_WARN_OBJC_LITERAL_CONVERSION = YES;
				CLANG_WARN_OBJC_ROOT_CLASS = YES_ERROR;
				CLANG_WARN_RANGE_LOOP_ANALYSIS = YES;
				CLANG_WARN_STRICT_PROTOTYPES = YES;
				CLANG_WARN_SUSPICIOUS_MOVE = YES;
				CLANG_WARN_UNGUARDED_AVAILABILITY = YES_AGGRESSIVE;
				CLANG_WARN_UNREACHABLE_CODE = YES;
				CLANG_WARN__DUPLICATE_METHOD_MATCH = YES;
				CODE_SIGN_IDENTITY = "iPhone Developer";
				COPY_PHASE_STRIP = NO;
				DEBUG_INFORMATION_FORMAT = dwarf;
				ENABLE_STRICT_OBJC_MSGSEND = YES;
				ENABLE_TESTABILITY = YES;
				GCC_C_LANGUAGE_STANDARD = gnu11;
				GCC_DYNAMIC_NO_PIC = NO;
				GCC_NO_COMMON_BLOCKS = YES;
				GCC_OPTIMIZATION_LEVEL = 0;
				GCC_PREPROCESSOR_DEFINITIONS = (
					"DEBUG=1",
					"$(inherited)",
				);
				GCC_WARN_64_TO_32_BIT_CONVERSION = YES;
				GCC_WARN_ABOUT_RETURN_TYPE = YES_ERROR;
				GCC_WARN_UNDECLARED_SELECTOR = YES;
				GCC_WARN_UNINITIALIZED_AUTOS = YES_AGGRESSIVE;
				GCC_WARN_UNUSED_FUNCTION = YES;
				GCC_WARN_UNUSED_VARIABLE = YES;
				IPHONEOS_DEPLOYMENT_TARGET = 11.1;
				MTL_ENABLE_DEBUG_INFO = YES;
				ONLY_ACTIVE_ARCH = YES;
				SDKROOT = iphoneos;
				SWIFT_ACTIVE_COMPILATION_CONDITIONS = DEBUG;
				SWIFT_OPTIMIZATION_LEVEL = "-Onone";
			};
			name = Debug;
		};
		48C30FF81FAF3B5C0080160E /* Release */ = {
			isa = XCBuildConfiguration;
			buildSettings = {
				ALWAYS_SEARCH_USER_PATHS = NO;
				CLANG_ANALYZER_NONNULL = YES;
				CLANG_ANALYZER_NUMBER_OBJECT_CONVERSION = YES_AGGRESSIVE;
				CLANG_CXX_LANGUAGE_STANDARD = "gnu++14";
				CLANG_CXX_LIBRARY = "libc++";
				CLANG_ENABLE_MODULES = YES;
				CLANG_ENABLE_OBJC_ARC = YES;
				CLANG_WARN_BLOCK_CAPTURE_AUTORELEASING = YES;
				CLANG_WARN_BOOL_CONVERSION = YES;
				CLANG_WARN_COMMA = YES;
				CLANG_WARN_CONSTANT_CONVERSION = YES;
				CLANG_WARN_DIRECT_OBJC_ISA_USAGE = YES_ERROR;
				CLANG_WARN_DOCUMENTATION_COMMENTS = YES;
				CLANG_WARN_EMPTY_BODY = YES;
				CLANG_WARN_ENUM_CONVERSION = YES;
				CLANG_WARN_INFINITE_RECURSION = YES;
				CLANG_WARN_INT_CONVERSION = YES;
				CLANG_WARN_NON_LITERAL_NULL_CONVERSION = YES;
				CLANG_WARN_OBJC_LITERAL_CONVERSION = YES;
				CLANG_WARN_OBJC_ROOT_CLASS = YES_ERROR;
				CLANG_WARN_RANGE_LOOP_ANALYSIS = YES;
				CLANG_WARN_STRICT_PROTOTYPES = YES;
				CLANG_WARN_SUSPICIOUS_MOVE = YES;
				CLANG_WARN_UNGUARDED_AVAILABILITY = YES_AGGRESSIVE;
				CLANG_WARN_UNREACHABLE_CODE = YES;
				CLANG_WARN__DUPLICATE_METHOD_MATCH = YES;
				CODE_SIGN_IDENTITY = "iPhone Developer";
				COPY_PHASE_STRIP = NO;
				DEBUG_INFORMATION_FORMAT = "dwarf-with-dsym";
				ENABLE_NS_ASSERTIONS = NO;
				ENABLE_STRICT_OBJC_MSGSEND = YES;
				GCC_C_LANGUAGE_STANDARD = gnu11;
				GCC_NO_COMMON_BLOCKS = YES;
				GCC_WARN_64_TO_32_BIT_CONVERSION = YES;
				GCC_WARN_ABOUT_RETURN_TYPE = YES_ERROR;
				GCC_WARN_UNDECLARED_SELECTOR = YES;
				GCC_WARN_UNINITIALIZED_AUTOS = YES_AGGRESSIVE;
				GCC_WARN_UNUSED_FUNCTION = YES;
				GCC_WARN_UNUSED_VARIABLE = YES;
				IPHONEOS_DEPLOYMENT_TARGET = 11.1;
				MTL_ENABLE_DEBUG_INFO = NO;
				SDKROOT = iphoneos;
				SWIFT_OPTIMIZATION_LEVEL = "-Owholemodule";
				VALIDATE_PRODUCT = YES;
			};
			name = Release;
		};
		48C30FFA1FAF3B5C0080160E /* Debug */ = {
			isa = XCBuildConfiguration;
			buildSettings = {
				ASSETCATALOG_COMPILER_APPICON_NAME = AppIcon;
				CODE_SIGN_STYLE = Automatic;
				INFOPLIST_FILE = "02-guess-the-flag/Info.plist";
				LD_RUNPATH_SEARCH_PATHS = "$(inherited) @executable_path/Frameworks";
				PRODUCT_BUNDLE_IDENTIFIER = "com.ur-ban.-2-guess-the-flag";
				PRODUCT_NAME = "$(TARGET_NAME)";
				SWIFT_VERSION = 4.0;
				TARGETED_DEVICE_FAMILY = "1,2";
			};
			name = Debug;
		};
		48C30FFB1FAF3B5C0080160E /* Release */ = {
			isa = XCBuildConfiguration;
			buildSettings = {
				ASSETCATALOG_COMPILER_APPICON_NAME = AppIcon;
				CODE_SIGN_STYLE = Automatic;
				INFOPLIST_FILE = "02-guess-the-flag/Info.plist";
				LD_RUNPATH_SEARCH_PATHS = "$(inherited) @executable_path/Frameworks";
				PRODUCT_BUNDLE_IDENTIFIER = "com.ur-ban.-2-guess-the-flag";
				PRODUCT_NAME = "$(TARGET_NAME)";
				SWIFT_VERSION = 4.0;
				TARGETED_DEVICE_FAMILY = "1,2";
			};
			name = Release;
		};
/* End XCBuildConfiguration section */

/* Begin XCConfigurationList section */
		48C30FE21FAF3B5B0080160E /* Build configuration list for PBXProject "02-guess-the-flag" */ = {
			isa = XCConfigurationList;
			buildConfigurations = (
				48C30FF71FAF3B5C0080160E /* Debug */,
				48C30FF81FAF3B5C0080160E /* Release */,
			);
			defaultConfigurationIsVisible = 0;
			defaultConfigurationName = Release;
		};
		48C30FF91FAF3B5C0080160E /* Build configuration list for PBXNativeTarget "02-guess-the-flag" */ = {
			isa = XCConfigurationList;
			buildConfigurations = (
				48C30FFA1FAF3B5C0080160E /* Debug */,
				48C30FFB1FAF3B5C0080160E /* Release */,
			);
			defaultConfigurationIsVisible = 0;
			defaultConfigurationName = Release;
		};
/* End XCConfigurationList section */
	};
	rootObject = 48C30FDF1FAF3B5B0080160E /* Project object */;
}
